
Microsoft Visual Studio Solution File, Format Version 12.00
# Visual Studio Version 17
VisualStudioVersion = 17.4.33213.308
MinimumVisualStudioVersion = 10.0.40219.1
Project("{9A19103F-16F7-4668-BE54-9A1E7A4F7556}") = "MarinerX", "MarinerX\MarinerX.csproj", "{D5444851-D196-485E-AD56-42B753FF09AF}"
EndProject
Project("{9A19103F-16F7-4668-BE54-9A1E7A4F7556}") = "MercuryTradingModel", "MercuryTradingModel\MercuryTradingModel.csproj", "{E58587A6-D743-442F-B105-E9B381D8E883}"
EndProject
Project("{9A19103F-16F7-4668-BE54-9A1E7A4F7556}") = "MercuryEditor", "MercuryEditor\MercuryEditor.csproj", "{B660937D-8E93-4944-8D0E-D55F50F981BA}"
EndProject
Project("{9A19103F-16F7-4668-BE54-9A1E7A4F7556}") = "MarinerX.Macro", "MarinerX.Macro\MarinerX.Macro.csproj", "{3CE81D4C-DC0F-43AC-9897-1EB78552A613}"
EndProject
Project("{9A19103F-16F7-4668-BE54-9A1E7A4F7556}") = "MarinerX.Lab", "MarinerX.Lab\MarinerX.Lab.csproj", "{6FE566D0-CCF2-4982-B5BA-4348043A01B9}"
EndProject
Project("{9A19103F-16F7-4668-BE54-9A1E7A4F7556}") = "MarinerX.Calculator", "MarinerX.Calculator\MarinerX.Calculator.csproj", "{D8455620-4EDB-4126-A89A-431694C8A557}"
EndProject
Project("{FAE04EC0-301F-11D3-BF4B-00C04F79EFBC}") = "Albedo", "Albedo\Albedo.csproj", "{68A09FFE-6145-43D6-996C-2A43EE9971B7}"
EndProject
Global
	GlobalSection(SolutionConfigurationPlatforms) = preSolution
		Debug|Any CPU = Debug|Any CPU
		Release|Any CPU = Release|Any CPU
	EndGlobalSection
	GlobalSection(ProjectConfigurationPlatforms) = postSolution
		{D5444851-D196-485E-AD56-42B753FF09AF}.Debug|Any CPU.ActiveCfg = Debug|Any CPU
		{D5444851-D196-485E-AD56-42B753FF09AF}.Debug|Any CPU.Build.0 = Debug|Any CPU
		{D5444851-D196-485E-AD56-42B753FF09AF}.Release|Any CPU.ActiveCfg = Release|Any CPU
		{D5444851-D196-485E-AD56-42B753FF09AF}.Release|Any CPU.Build.0 = Release|Any CPU
		{E58587A6-D743-442F-B105-E9B381D8E883}.Debug|Any CPU.ActiveCfg = Debug|Any CPU
		{E58587A6-D743-442F-B105-E9B381D8E883}.Debug|Any CPU.Build.0 = Debug|Any CPU
		{E58587A6-D743-442F-B105-E9B381D8E883}.Release|Any CPU.ActiveCfg = Release|Any CPU
		{E58587A6-D743-442F-B105-E9B381D8E883}.Release|Any CPU.Build.0 = Release|Any CPU
		{B660937D-8E93-4944-8D0E-D55F50F981BA}.Debug|Any CPU.ActiveCfg = Debug|Any CPU
		{B660937D-8E93-4944-8D0E-D55F50F981BA}.Debug|Any CPU.Build.0 = Debug|Any CPU
		{B660937D-8E93-4944-8D0E-D55F50F981BA}.Release|Any CPU.ActiveCfg = Release|Any CPU
		{B660937D-8E93-4944-8D0E-D55F50F981BA}.Release|Any CPU.Build.0 = Release|Any CPU
		{3CE81D4C-DC0F-43AC-9897-1EB78552A613}.Debug|Any CPU.ActiveCfg = Debug|Any CPU
		{3CE81D4C-DC0F-43AC-9897-1EB78552A613}.Debug|Any CPU.Build.0 = Debug|Any CPU
		{3CE81D4C-DC0F-43AC-9897-1EB78552A613}.Release|Any CPU.ActiveCfg = Release|Any CPU
		{3CE81D4C-DC0F-43AC-9897-1EB78552A613}.Release|Any CPU.Build.0 = Release|Any CPU
		{6FE566D0-CCF2-4982-B5BA-4348043A01B9}.Debug|Any CPU.ActiveCfg = Debug|Any CPU
		{6FE566D0-CCF2-4982-B5BA-4348043A01B9}.Debug|Any CPU.Build.0 = Debug|Any CPU
		{6FE566D0-CCF2-4982-B5BA-4348043A01B9}.Release|Any CPU.ActiveCfg = Release|Any CPU
		{6FE566D0-CCF2-4982-B5BA-4348043A01B9}.Release|Any CPU.Build.0 = Release|Any CPU
		{D8455620-4EDB-4126-A89A-431694C8A557}.Debug|Any CPU.ActiveCfg = Debug|Any CPU
		{D8455620-4EDB-4126-A89A-431694C8A557}.Debug|Any CPU.Build.0 = Debug|Any CPU
		{D8455620-4EDB-4126-A89A-431694C8A557}.Release|Any CPU.ActiveCfg = Release|Any CPU
		{D8455620-4EDB-4126-A89A-431694C8A557}.Release|Any CPU.Build.0 = Release|Any CPU
		{68A09FFE-6145-43D6-996C-2A43EE9971B7}.Debug|Any CPU.ActiveCfg = Debug|Any CPU
		{68A09FFE-6145-43D6-996C-2A43EE9971B7}.Debug|Any CPU.Build.0 = Debug|Any CPU
		{68A09FFE-6145-43D6-996C-2A43EE9971B7}.Release|Any CPU.ActiveCfg = Release|Any CPU
		{68A09FFE-6145-43D6-996C-2A43EE9971B7}.Release|Any CPU.Build.0 = Release|Any CPU
	EndGlobalSection
	GlobalSection(SolutionProperties) = preSolution
		HideSolutionNode = FALSE
	EndGlobalSection
	GlobalSection(ExtensibilityGlobals) = postSolution
		SolutionGuid = {6B6ABDC7-B2E3-400C-A1F5-A3FEC615D46F}
	EndGlobalSection
EndGlobal
